github.com/frk/ast v0.0.6 h1:r09WfqqHvaA9xI2eeRnhBLyRertE1pV5Q9tfclHDnbA=
github.com/frk/ast v0.0.6/go.mod h1:PZvafXe37J/Yhe6jbYQgbmlRfVEjeVej6ruZhrSrgdQ=
github.com/frk/compare v0.0.6 h1:iltAyhxsNb2lAl5666vr+mZGyIkVV0S/wx0qVlkNklM=
github.com/frk/compare v0.0.6/go.mod h1:5bwv6/gZd3HD/UngMXbki5nvp6aJBTiWmXozSqE1uPc=
github.com/frk/fql v0.0.1 h1:vsgsHBd0mCs3S2XxY348Q2nv49nRBzM/j879YdKJrM0=
github.com/frk/fql v0.0.1/go.mod h1:WsLcfryEdyH/Km6f8Q5LMESkCMSC/xWpxc+JemzJdnQ=
github.com/frk/tagutil v0.0.0-20190626082652-a41f4c5605cc h1:IitUeNUJbCFLBm6xSpbcP0+SdAI+ye6h5nSKn0L7O7c=
github.com/frk/tagutil v0.0.0-20190626082652-a41f4c5605cc/go.mod h1:p9oLIpN9tDmOBisei3Ihy46DiCGsuykaIVV4Rxb6qYo=
github.com/google/go-cmp v0.6.0 h1:ofyhxvXcZhMsU5ulbFiLKl/XBFqE1GSq7atu8tAmTRI=
github.com/google/go-cmp v0.6.0/go.mod h1:17dUlkBOakJ0+DkrSSNjCkIjxS6bF9zb3elmeNGIjoY=
github.com/lib/pq v1.10.2 h1:AqzbZs4ZoCBp+GtejcpCpcxM3zlSMx29dXbUSeVtJb8=
github.com/lib/pq v1.10.2/go.mod h1:AlVN5x4E4T544tWzH6hKfbfQvm3HdbOxrmggDNAPY9o=
golang.org/x/mod v0.24.0 h1:ZfthKaKaT4NrhGVZHO1/WDTwGES4De8KtWO0SIbNJMU=
golang.org/x/mod v0.24.0/go.mod h1:IXM97Txy2VM4PJ3gI61r1YEk/gAj6zAHN3AdZt6S9Ww=
golang.org/x/sync v0.13.0 h1:AauUjRAJ9OSnvULf/ARrrVywoJDy0YS2AwQ98I37610=
golang.org/x/sync v0.13.0/go.mod h1:1dzgHSNfp02xaA81J2MS99Qcpr2w7fw1gpm99rleRqA=
golang.org/x/tools v0.32.0 h1:Q7N1vhpkQv7ybVzLFtTjvQya2ewbwNDZzUgfXGqtMWU=
golang.org/x/tools v0.32.0/go.mod h1:ZxrU41P/wAbZD8EDa6dDCa6XfpkhJ7HFMjHJXfBDu8s=
